
Microsoft Visual Studio Solution File, Format Version 12.00
# Visual Studio 2013
VisualStudioVersion = 12.0.21005.1
MinimumVisualStudioVersion = 10.0.40219.1
Project("{2150E333-8FDC-42A3-9474-1A3956D46DE8}") = "ADDIN", "ADDIN", "{EAC33F88-5F1A-4E3C-A48A-D6F671D9767C}"
EndProject
Project("{2150E333-8FDC-42A3-9474-1A3956D46DE8}") = "LIB", "LIB", "{35B11931-979B-46E6-B5DA-A75D757BA3FF}"
EndProject
Project("{2150E333-8FDC-42A3-9474-1A3956D46DE8}") = "CEF.49.0.1", "CEF.49.0.1", "{708902AF-998C-41FA-967D-74C29500C629}"
EndProject
Project("{2150E333-8FDC-42A3-9474-1A3956D46DE8}") = "APP", "APP", "{3574DC66-D5A9-42A7-9F22-6B7CCF25E488}"
EndProject
Project("{FAE04EC0-301F-11D3-BF4B-00C04F79EFBC}") = "DS.AFP.WebBrowser", "ADDIN\DS.AFP.WebBrowser\DS.AFP.WebBrowser.csproj", "{4F6FB031-0116-402C-938B-A0C6F45252D4}"
EndProject
Project("{FAE04EC0-301F-11D3-BF4B-00C04F79EFBC}") = "DS.AFP.Common.Core", "DS.AFP.Common.Core\DS.AFP.Common.Core.csproj", "{519F7AD2-AE87-4D5C-AAA1-7F69635581B8}"
EndProject
Project("{FAE04EC0-301F-11D3-BF4B-00C04F79EFBC}") = "DS.AFP.Communication", "DS.AFP.Communication\DS.AFP.Communication.csproj", "{0C2AEC49-E6A2-4615-83A5-1F10BC47769B}"
EndProject
Project("{FAE04EC0-301F-11D3-BF4B-00C04F79EFBC}") = "DS.AFP.Data", "DS.AFP.Data\DS.AFP.Data.csproj", "{8E4A9A53-5BDD-4F16-A55E-6E74C299FE04}"
EndProject
Project("{FAE04EC0-301F-11D3-BF4B-00C04F79EFBC}") = "DS.AFP.Framework", "DS.AFP.Framework\DS.AFP.Framework.csproj", "{EC41ED64-6769-4FE8-ACD8-6255BCA3491C}"
EndProject
Project("{FAE04EC0-301F-11D3-BF4B-00C04F79EFBC}") = "DS.AFP.Framework.Spring", "DS.AFP.Framework.Spring\DS.AFP.Framework.Spring.csproj", "{4182584B-3233-4B2D-8697-7F385AEFA1DE}"
EndProject
Project("{FAE04EC0-301F-11D3-BF4B-00C04F79EFBC}") = "DS.AFP.Framework.WPF", "DS.AFP.Framework.WPF\DS.AFP.Framework.WPF.csproj", "{F602B278-3226-4EF8-AA02-CB2962158914}"
EndProject
Project("{8BC9CEB8-8B4A-11D0-8D11-00A0C91BC942}") = "CefSharp.Core", "CefSharp.Core\CefSharp.Core.vcxproj", "{7B495581-2271-4F41-9476-ACB86E8C864F}"
EndProject
Project("{8BC9CEB8-8B4A-11D0-8D11-00A0C91BC942}") = "CefSharp.BrowserSubprocess.Core", "CefSharp.BrowserSubprocess.Core\CefSharp.BrowserSubprocess.Core.vcxproj", "{6C4BB501-2F8E-48AC-9AB5-8CFB2D74185C}"
EndProject
Project("{FAE04EC0-301F-11D3-BF4B-00C04F79EFBC}") = "CefSharp", "CefSharp\CefSharp.csproj", "{A55848CC-10E7-40CB-ADDB-04740B16DD43}"
EndProject
Project("{FAE04EC0-301F-11D3-BF4B-00C04F79EFBC}") = "CefSharp.BrowserSubprocess", "CefSharp.BrowserSubprocess\CefSharp.BrowserSubprocess.csproj", "{23EE5140-2C2C-4B53-A954-10B08DCA6BD6}"
EndProject
Project("{FAE04EC0-301F-11D3-BF4B-00C04F79EFBC}") = "CefSharp.Wpf", "CefSharp.Wpf\CefSharp.Wpf.csproj", "{E6CB3790-F267-4AC7-892C-2620737682CA}"
EndProject
Project("{FAE04EC0-301F-11D3-BF4B-00C04F79EFBC}") = "CefSharp.DSCT", "CefSharp.DSCT\CefSharp.DSCT.csproj", "{C52901BF-17A9-49E9-8360-4539C0BB06E6}"
EndProject
Project("{FAE04EC0-301F-11D3-BF4B-00C04F79EFBC}") = "CefSharp.Example", "CefSharp.Example\CefSharp.Example.csproj", "{A4394E7B-1155-43A6-989E-8AB72DDDC9E4}"
EndProject
Project("{FAE04EC0-301F-11D3-BF4B-00C04F79EFBC}") = "DS.AFP.WPF.App", "DS.AFP.WPF.App\DS.AFP.WPF.App.csproj", "{DACE8E9D-691B-440D-9ED4-57D7E7C58096}"
EndProject
Global
	GlobalSection(SolutionConfigurationPlatforms) = preSolution
		Debug|Any CPU = Debug|Any CPU
		Debug|Mixed Platforms = Debug|Mixed Platforms
		Debug|Win32 = Debug|Win32
		Debug|x64 = Debug|x64
		Debug|x86 = Debug|x86
		Release|Any CPU = Release|Any CPU
		Release|Mixed Platforms = Release|Mixed Platforms
		Release|Win32 = Release|Win32
		Release|x64 = Release|x64
		Release|x86 = Release|x86
	EndGlobalSection
	GlobalSection(ProjectConfigurationPlatforms) = postSolution
		{4F6FB031-0116-402C-938B-A0C6F45252D4}.Debug|Any CPU.ActiveCfg = Debug|Any CPU
		{4F6FB031-0116-402C-938B-A0C6F45252D4}.Debug|Any CPU.Build.0 = Debug|Any CPU
		{4F6FB031-0116-402C-938B-A0C6F45252D4}.Debug|Mixed Platforms.ActiveCfg = Debug|Any CPU
		{4F6FB031-0116-402C-938B-A0C6F45252D4}.Debug|Mixed Platforms.Build.0 = Debug|Any CPU
		{4F6FB031-0116-402C-938B-A0C6F45252D4}.Debug|Win32.ActiveCfg = Debug|Any CPU
		{4F6FB031-0116-402C-938B-A0C6F45252D4}.Debug|x64.ActiveCfg = Debug|Any CPU
		{4F6FB031-0116-402C-938B-A0C6F45252D4}.Debug|x86.ActiveCfg = Debug|Any CPU
		{4F6FB031-0116-402C-938B-A0C6F45252D4}.Release|Any CPU.ActiveCfg = Release|Any CPU
		{4F6FB031-0116-402C-938B-A0C6F45252D4}.Release|Any CPU.Build.0 = Release|Any CPU
		{4F6FB031-0116-402C-938B-A0C6F45252D4}.Release|Mixed Platforms.ActiveCfg = Release|Any CPU
		{4F6FB031-0116-402C-938B-A0C6F45252D4}.Release|Mixed Platforms.Build.0 = Release|Any CPU
		{4F6FB031-0116-402C-938B-A0C6F45252D4}.Release|Win32.ActiveCfg = Release|Any CPU
		{4F6FB031-0116-402C-938B-A0C6F45252D4}.Release|x64.ActiveCfg = Release|Any CPU
		{4F6FB031-0116-402C-938B-A0C6F45252D4}.Release|x86.ActiveCfg = Release|Any CPU
		{519F7AD2-AE87-4D5C-AAA1-7F69635581B8}.Debug|Any CPU.ActiveCfg = Debug|Any CPU
		{519F7AD2-AE87-4D5C-AAA1-7F69635581B8}.Debug|Any CPU.Build.0 = Debug|Any CPU
		{519F7AD2-AE87-4D5C-AAA1-7F69635581B8}.Debug|Mixed Platforms.ActiveCfg = Debug|Any CPU
		{519F7AD2-AE87-4D5C-AAA1-7F69635581B8}.Debug|Mixed Platforms.Build.0 = Debug|Any CPU
		{519F7AD2-AE87-4D5C-AAA1-7F69635581B8}.Debug|Win32.ActiveCfg = Debug|Any CPU
		{519F7AD2-AE87-4D5C-AAA1-7F69635581B8}.Debug|x64.ActiveCfg = Debug|Any CPU
		{519F7AD2-AE87-4D5C-AAA1-7F69635581B8}.Debug|x86.ActiveCfg = Debug|Any CPU
		{519F7AD2-AE87-4D5C-AAA1-7F69635581B8}.Release|Any CPU.ActiveCfg = Release|Any CPU
		{519F7AD2-AE87-4D5C-AAA1-7F69635581B8}.Release|Any CPU.Build.0 = Release|Any CPU
		{519F7AD2-AE87-4D5C-AAA1-7F69635581B8}.Release|Mixed Platforms.ActiveCfg = Release|Any CPU
		{519F7AD2-AE87-4D5C-AAA1-7F69635581B8}.Release|Mixed Platforms.Build.0 = Release|Any CPU
		{519F7AD2-AE87-4D5C-AAA1-7F69635581B8}.Release|Win32.ActiveCfg = Release|Any CPU
		{519F7AD2-AE87-4D5C-AAA1-7F69635581B8}.Release|x64.ActiveCfg = Release|Any CPU
		{519F7AD2-AE87-4D5C-AAA1-7F69635581B8}.Release|x86.ActiveCfg = Release|Any CPU
		{0C2AEC49-E6A2-4615-83A5-1F10BC47769B}.Debug|Any CPU.ActiveCfg = Debug|Any CPU
		{0C2AEC49-E6A2-4615-83A5-1F10BC47769B}.Debug|Any CPU.Build.0 = Debug|Any CPU
		{0C2AEC49-E6A2-4615-83A5-1F10BC47769B}.Debug|Mixed Platforms.ActiveCfg = Debug|Any CPU
		{0C2AEC49-E6A2-4615-83A5-1F10BC47769B}.Debug|Mixed Platforms.Build.0 = Debug|Any CPU
		{0C2AEC49-E6A2-4615-83A5-1F10BC47769B}.Debug|Win32.ActiveCfg = Debug|Any CPU
		{0C2AEC49-E6A2-4615-83A5-1F10BC47769B}.Debug|x64.ActiveCfg = Debug|Any CPU
		{0C2AEC49-E6A2-4615-83A5-1F10BC47769B}.Debug|x86.ActiveCfg = Debug|Any CPU
		{0C2AEC49-E6A2-4615-83A5-1F10BC47769B}.Release|Any CPU.ActiveCfg = Release|Any CPU
		{0C2AEC49-E6A2-4615-83A5-1F10BC47769B}.Release|Any CPU.Build.0 = Release|Any CPU
		{0C2AEC49-E6A2-4615-83A5-1F10BC47769B}.Release|Mixed Platforms.ActiveCfg = Release|Any CPU
		{0C2AEC49-E6A2-4615-83A5-1F10BC47769B}.Release|Mixed Platforms.Build.0 = Release|Any CPU
		{0C2AEC49-E6A2-4615-83A5-1F10BC47769B}.Release|Win32.ActiveCfg = Release|Any CPU
		{0C2AEC49-E6A2-4615-83A5-1F10BC47769B}.Release|x64.ActiveCfg = Release|Any CPU
		{0C2AEC49-E6A2-4615-83A5-1F10BC47769B}.Release|x86.ActiveCfg = Release|Any CPU
		{8E4A9A53-5BDD-4F16-A55E-6E74C299FE04}.Debug|Any CPU.ActiveCfg = Debug|Any CPU
		{8E4A9A53-5BDD-4F16-A55E-6E74C299FE04}.Debug|Any CPU.Build.0 = Debug|Any CPU
		{8E4A9A53-5BDD-4F16-A55E-6E74C299FE04}.Debug|Mixed Platforms.ActiveCfg = Debug|Any CPU
		{8E4A9A53-5BDD-4F16-A55E-6E74C299FE04}.Debug|Mixed Platforms.Build.0 = Debug|Any CPU
		{8E4A9A53-5BDD-4F16-A55E-6E74C299FE04}.Debug|Win32.ActiveCfg = Debug|Any CPU
		{8E4A9A53-5BDD-4F16-A55E-6E74C299FE04}.Debug|x64.ActiveCfg = Debug|Any CPU
		{8E4A9A53-5BDD-4F16-A55E-6E74C299FE04}.Debug|x86.ActiveCfg = Debug|Any CPU
		{8E4A9A53-5BDD-4F16-A55E-6E74C299FE04}.Release|Any CPU.ActiveCfg = Release|Any CPU
		{8E4A9A53-5BDD-4F16-A55E-6E74C299FE04}.Release|Any CPU.Build.0 = Release|Any CPU
		{8E4A9A53-5BDD-4F16-A55E-6E74C299FE04}.Release|Mixed Platforms.ActiveCfg = Release|Any CPU
		{8E4A9A53-5BDD-4F16-A55E-6E74C299FE04}.Release|Mixed Platforms.Build.0 = Release|Any CPU
		{8E4A9A53-5BDD-4F16-A55E-6E74C299FE04}.Release|Win32.ActiveCfg = Release|Any CPU
		{8E4A9A53-5BDD-4F16-A55E-6E74C299FE04}.Release|x64.ActiveCfg = Release|Any CPU
		{8E4A9A53-5BDD-4F16-A55E-6E74C299FE04}.Release|x86.ActiveCfg = Release|Any CPU
		{EC41ED64-6769-4FE8-ACD8-6255BCA3491C}.Debug|Any CPU.ActiveCfg = Debug|Any CPU
		{EC41ED64-6769-4FE8-ACD8-6255BCA3491C}.Debug|Any CPU.Build.0 = Debug|Any CPU
		{EC41ED64-6769-4FE8-ACD8-6255BCA3491C}.Debug|Mixed Platforms.ActiveCfg = Debug|Any CPU
		{EC41ED64-6769-4FE8-ACD8-6255BCA3491C}.Debug|Mixed Platforms.Build.0 = Debug|Any CPU
		{EC41ED64-6769-4FE8-ACD8-6255BCA3491C}.Debug|Win32.ActiveCfg = Debug|Any CPU
		{EC41ED64-6769-4FE8-ACD8-6255BCA3491C}.Debug|x64.ActiveCfg = Debug|Any CPU
		{EC41ED64-6769-4FE8-ACD8-6255BCA3491C}.Debug|x86.ActiveCfg = Debug|Any CPU
		{EC41ED64-6769-4FE8-ACD8-6255BCA3491C}.Release|Any CPU.ActiveCfg = Release|Any CPU
		{EC41ED64-6769-4FE8-ACD8-6255BCA3491C}.Release|Any CPU.Build.0 = Release|Any CPU
		{EC41ED64-6769-4FE8-ACD8-6255BCA3491C}.Release|Mixed Platforms.ActiveCfg = Release|Any CPU
		{EC41ED64-6769-4FE8-ACD8-6255BCA3491C}.Release|Mixed Platforms.Build.0 = Release|Any CPU
		{EC41ED64-6769-4FE8-ACD8-6255BCA3491C}.Release|Win32.ActiveCfg = Release|Any CPU
		{EC41ED64-6769-4FE8-ACD8-6255BCA3491C}.Release|x64.ActiveCfg = Release|Any CPU
		{EC41ED64-6769-4FE8-ACD8-6255BCA3491C}.Release|x86.ActiveCfg = Release|Any CPU
		{4182584B-3233-4B2D-8697-7F385AEFA1DE}.Debug|Any CPU.ActiveCfg = Debug|Any CPU
		{4182584B-3233-4B2D-8697-7F385AEFA1DE}.Debug|Any CPU.Build.0 = Debug|Any CPU
		{4182584B-3233-4B2D-8697-7F385AEFA1DE}.Debug|Mixed Platforms.ActiveCfg = Debug|Any CPU
		{4182584B-3233-4B2D-8697-7F385AEFA1DE}.Debug|Mixed Platforms.Build.0 = Debug|Any CPU
		{4182584B-3233-4B2D-8697-7F385AEFA1DE}.Debug|Win32.ActiveCfg = Debug|Any CPU
		{4182584B-3233-4B2D-8697-7F385AEFA1DE}.Debug|x64.ActiveCfg = Debug|Any CPU
		{4182584B-3233-4B2D-8697-7F385AEFA1DE}.Debug|x86.ActiveCfg = Debug|Any CPU
		{4182584B-3233-4B2D-8697-7F385AEFA1DE}.Release|Any CPU.ActiveCfg = Release|Any CPU
		{4182584B-3233-4B2D-8697-7F385AEFA1DE}.Release|Any CPU.Build.0 = Release|Any CPU
		{4182584B-3233-4B2D-8697-7F385AEFA1DE}.Release|Mixed Platforms.ActiveCfg = Release|Any CPU
		{4182584B-3233-4B2D-8697-7F385AEFA1DE}.Release|Mixed Platforms.Build.0 = Release|Any CPU
		{4182584B-3233-4B2D-8697-7F385AEFA1DE}.Release|Win32.ActiveCfg = Release|Any CPU
		{4182584B-3233-4B2D-8697-7F385AEFA1DE}.Release|x64.ActiveCfg = Release|Any CPU
		{4182584B-3233-4B2D-8697-7F385AEFA1DE}.Release|x86.ActiveCfg = Release|Any CPU
		{F602B278-3226-4EF8-AA02-CB2962158914}.Debug|Any CPU.ActiveCfg = Debug|Any CPU
		{F602B278-3226-4EF8-AA02-CB2962158914}.Debug|Any CPU.Build.0 = Debug|Any CPU
		{F602B278-3226-4EF8-AA02-CB2962158914}.Debug|Mixed Platforms.ActiveCfg = Debug|Any CPU
		{F602B278-3226-4EF8-AA02-CB2962158914}.Debug|Mixed Platforms.Build.0 = Debug|Any CPU
		{F602B278-3226-4EF8-AA02-CB2962158914}.Debug|Win32.ActiveCfg = Debug|Any CPU
		{F602B278-3226-4EF8-AA02-CB2962158914}.Debug|x64.ActiveCfg = Debug|Any CPU
		{F602B278-3226-4EF8-AA02-CB2962158914}.Debug|x86.ActiveCfg = Debug|Any CPU
		{F602B278-3226-4EF8-AA02-CB2962158914}.Release|Any CPU.ActiveCfg = Release|Any CPU
		{F602B278-3226-4EF8-AA02-CB2962158914}.Release|Any CPU.Build.0 = Release|Any CPU
		{F602B278-3226-4EF8-AA02-CB2962158914}.Release|Mixed Platforms.ActiveCfg = Release|Any CPU
		{F602B278-3226-4EF8-AA02-CB2962158914}.Release|Mixed Platforms.Build.0 = Release|Any CPU
		{F602B278-3226-4EF8-AA02-CB2962158914}.Release|Win32.ActiveCfg = Release|Any CPU
		{F602B278-3226-4EF8-AA02-CB2962158914}.Release|x64.ActiveCfg = Release|Any CPU
		{F602B278-3226-4EF8-AA02-CB2962158914}.Release|x86.ActiveCfg = Release|Any CPU
		{7B495581-2271-4F41-9476-ACB86E8C864F}.Debug|Any CPU.ActiveCfg = Debug|Win32
		{7B495581-2271-4F41-9476-ACB86E8C864F}.Debug|Mixed Platforms.ActiveCfg = Debug|Win32
		{7B495581-2271-4F41-9476-ACB86E8C864F}.Debug|Mixed Platforms.Build.0 = Debug|Win32
		{7B495581-2271-4F41-9476-ACB86E8C864F}.Debug|Win32.ActiveCfg = Debug|Win32
		{7B495581-2271-4F41-9476-ACB86E8C864F}.Debug|Win32.Build.0 = Debug|Win32
		{7B495581-2271-4F41-9476-ACB86E8C864F}.Debug|x64.ActiveCfg = Debug|x64
		{7B495581-2271-4F41-9476-ACB86E8C864F}.Debug|x64.Build.0 = Debug|x64
		{7B495581-2271-4F41-9476-ACB86E8C864F}.Debug|x86.ActiveCfg = Debug|Win32
		{7B495581-2271-4F41-9476-ACB86E8C864F}.Debug|x86.Build.0 = Debug|Win32
		{7B495581-2271-4F41-9476-ACB86E8C864F}.Release|Any CPU.ActiveCfg = Release|Win32
		{7B495581-2271-4F41-9476-ACB86E8C864F}.Release|Mixed Platforms.ActiveCfg = Release|Win32
		{7B495581-2271-4F41-9476-ACB86E8C864F}.Release|Mixed Platforms.Build.0 = Release|Win32
		{7B495581-2271-4F41-9476-ACB86E8C864F}.Release|Win32.ActiveCfg = Release|Win32
		{7B495581-2271-4F41-9476-ACB86E8C864F}.Release|Win32.Build.0 = Release|Win32
		{7B495581-2271-4F41-9476-ACB86E8C864F}.Release|x64.ActiveCfg = Release|x64
		{7B495581-2271-4F41-9476-ACB86E8C864F}.Release|x64.Build.0 = Release|x64
		{7B495581-2271-4F41-9476-ACB86E8C864F}.Release|x86.ActiveCfg = Release|Win32
		{7B495581-2271-4F41-9476-ACB86E8C864F}.Release|x86.Build.0 = Release|Win32
		{6C4BB501-2F8E-48AC-9AB5-8CFB2D74185C}.Debug|Any CPU.ActiveCfg = Debug|Win32
		{6C4BB501-2F8E-48AC-9AB5-8CFB2D74185C}.Debug|Mixed Platforms.ActiveCfg = Debug|Win32
		{6C4BB501-2F8E-48AC-9AB5-8CFB2D74185C}.Debug|Mixed Platforms.Build.0 = Debug|Win32
		{6C4BB501-2F8E-48AC-9AB5-8CFB2D74185C}.Debug|Win32.ActiveCfg = Debug|Win32
		{6C4BB501-2F8E-48AC-9AB5-8CFB2D74185C}.Debug|Win32.Build.0 = Debug|Win32
		{6C4BB501-2F8E-48AC-9AB5-8CFB2D74185C}.Debug|x64.ActiveCfg = Debug|x64
		{6C4BB501-2F8E-48AC-9AB5-8CFB2D74185C}.Debug|x64.Build.0 = Debug|x64
		{6C4BB501-2F8E-48AC-9AB5-8CFB2D74185C}.Debug|x86.ActiveCfg = Debug|Win32
		{6C4BB501-2F8E-48AC-9AB5-8CFB2D74185C}.Debug|x86.Build.0 = Debug|Win32
		{6C4BB501-2F8E-48AC-9AB5-8CFB2D74185C}.Release|Any CPU.ActiveCfg = Release|Win32
		{6C4BB501-2F8E-48AC-9AB5-8CFB2D74185C}.Release|Mixed Platforms.ActiveCfg = Release|Win32
		{6C4BB501-2F8E-48AC-9AB5-8CFB2D74185C}.Release|Mixed Platforms.Build.0 = Release|Win32
		{6C4BB501-2F8E-48AC-9AB5-8CFB2D74185C}.Release|Win32.ActiveCfg = Release|Win32
		{6C4BB501-2F8E-48AC-9AB5-8CFB2D74185C}.Release|Win32.Build.0 = Release|Win32
		{6C4BB501-2F8E-48AC-9AB5-8CFB2D74185C}.Release|x64.ActiveCfg = Release|x64
		{6C4BB501-2F8E-48AC-9AB5-8CFB2D74185C}.Release|x64.Build.0 = Release|x64
		{6C4BB501-2F8E-48AC-9AB5-8CFB2D74185C}.Release|x86.ActiveCfg = Release|Win32
		{6C4BB501-2F8E-48AC-9AB5-8CFB2D74185C}.Release|x86.Build.0 = Release|Win32
		{A55848CC-10E7-40CB-ADDB-04740B16DD43}.Debug|Any CPU.ActiveCfg = Debug|x86
		{A55848CC-10E7-40CB-ADDB-04740B16DD43}.Debug|Mixed Platforms.ActiveCfg = Debug|x86
		{A55848CC-10E7-40CB-ADDB-04740B16DD43}.Debug|Mixed Platforms.Build.0 = Debug|x86
		{A55848CC-10E7-40CB-ADDB-04740B16DD43}.Debug|Win32.ActiveCfg = Debug|x86
		{A55848CC-10E7-40CB-ADDB-04740B16DD43}.Debug|Win32.Build.0 = Debug|x86
		{A55848CC-10E7-40CB-ADDB-04740B16DD43}.Debug|x64.ActiveCfg = Debug|x64
		{A55848CC-10E7-40CB-ADDB-04740B16DD43}.Debug|x64.Build.0 = Debug|x64
		{A55848CC-10E7-40CB-ADDB-04740B16DD43}.Debug|x86.ActiveCfg = Debug|x86
		{A55848CC-10E7-40CB-ADDB-04740B16DD43}.Debug|x86.Build.0 = Debug|x86
		{A55848CC-10E7-40CB-ADDB-04740B16DD43}.Release|Any CPU.ActiveCfg = Release|x86
		{A55848CC-10E7-40CB-ADDB-04740B16DD43}.Release|Mixed Platforms.ActiveCfg = Release|x86
		{A55848CC-10E7-40CB-ADDB-04740B16DD43}.Release|Mixed Platforms.Build.0 = Release|x86
		{A55848CC-10E7-40CB-ADDB-04740B16DD43}.Release|Win32.ActiveCfg = Release|x86
		{A55848CC-10E7-40CB-ADDB-04740B16DD43}.Release|Win32.Build.0 = Release|x86
		{A55848CC-10E7-40CB-ADDB-04740B16DD43}.Release|x64.ActiveCfg = Release|x64
		{A55848CC-10E7-40CB-ADDB-04740B16DD43}.Release|x64.Build.0 = Release|x64
		{A55848CC-10E7-40CB-ADDB-04740B16DD43}.Release|x86.ActiveCfg = Release|x86
		{A55848CC-10E7-40CB-ADDB-04740B16DD43}.Release|x86.Build.0 = Release|x86
		{23EE5140-2C2C-4B53-A954-10B08DCA6BD6}.Debug|Any CPU.ActiveCfg = Debug|x86
		{23EE5140-2C2C-4B53-A954-10B08DCA6BD6}.Debug|Mixed Platforms.ActiveCfg = Debug|x86
		{23EE5140-2C2C-4B53-A954-10B08DCA6BD6}.Debug|Mixed Platforms.Build.0 = Debug|x86
		{23EE5140-2C2C-4B53-A954-10B08DCA6BD6}.Debug|Win32.ActiveCfg = Debug|x86
		{23EE5140-2C2C-4B53-A954-10B08DCA6BD6}.Debug|Win32.Build.0 = Debug|x86
		{23EE5140-2C2C-4B53-A954-10B08DCA6BD6}.Debug|x64.ActiveCfg = Debug|x64
		{23EE5140-2C2C-4B53-A954-10B08DCA6BD6}.Debug|x64.Build.0 = Debug|x64
		{23EE5140-2C2C-4B53-A954-10B08DCA6BD6}.Debug|x86.ActiveCfg = Debug|x86
		{23EE5140-2C2C-4B53-A954-10B08DCA6BD6}.Debug|x86.Build.0 = Debug|x86
		{23EE5140-2C2C-4B53-A954-10B08DCA6BD6}.Release|Any CPU.ActiveCfg = Release|x86
		{23EE5140-2C2C-4B53-A954-10B08DCA6BD6}.Release|Mixed Platforms.ActiveCfg = Release|x86
		{23EE5140-2C2C-4B53-A954-10B08DCA6BD6}.Release|Mixed Platforms.Build.0 = Release|x86
		{23EE5140-2C2C-4B53-A954-10B08DCA6BD6}.Release|Win32.ActiveCfg = Release|x86
		{23EE5140-2C2C-4B53-A954-10B08DCA6BD6}.Release|Win32.Build.0 = Release|x86
		{23EE5140-2C2C-4B53-A954-10B08DCA6BD6}.Release|x64.ActiveCfg = Release|x64
		{23EE5140-2C2C-4B53-A954-10B08DCA6BD6}.Release|x64.Build.0 = Release|x64
		{23EE5140-2C2C-4B53-A954-10B08DCA6BD6}.Release|x86.ActiveCfg = Release|x86
		{23EE5140-2C2C-4B53-A954-10B08DCA6BD6}.Release|x86.Build.0 = Release|x86
		{E6CB3790-F267-4AC7-892C-2620737682CA}.Debug|Any CPU.ActiveCfg = Debug|x86
		{E6CB3790-F267-4AC7-892C-2620737682CA}.Debug|Mixed Platforms.ActiveCfg = Debug|x86
		{E6CB3790-F267-4AC7-892C-2620737682CA}.Debug|Mixed Platforms.Build.0 = Debug|x86
		{E6CB3790-F267-4AC7-892C-2620737682CA}.Debug|Win32.ActiveCfg = Debug|x86
		{E6CB3790-F267-4AC7-892C-2620737682CA}.Debug|Win32.Build.0 = Debug|x86
		{E6CB3790-F267-4AC7-892C-2620737682CA}.Debug|x64.ActiveCfg = Debug|x64
		{E6CB3790-F267-4AC7-892C-2620737682CA}.Debug|x64.Build.0 = Debug|x64
		{E6CB3790-F267-4AC7-892C-2620737682CA}.Debug|x86.ActiveCfg = Debug|x86
		{E6CB3790-F267-4AC7-892C-2620737682CA}.Debug|x86.Build.0 = Debug|x86
		{E6CB3790-F267-4AC7-892C-2620737682CA}.Release|Any CPU.ActiveCfg = Release|x86
		{E6CB3790-F267-4AC7-892C-2620737682CA}.Release|Mixed Platforms.ActiveCfg = Release|x86
		{E6CB3790-F267-4AC7-892C-2620737682CA}.Release|Mixed Platforms.Build.0 = Release|x86
		{E6CB3790-F267-4AC7-892C-2620737682CA}.Release|Win32.ActiveCfg = Release|x86
		{E6CB3790-F267-4AC7-892C-2620737682CA}.Release|Win32.Build.0 = Release|x86
		{E6CB3790-F267-4AC7-892C-2620737682CA}.Release|x64.ActiveCfg = Release|x64
		{E6CB3790-F267-4AC7-892C-2620737682CA}.Release|x64.Build.0 = Release|x64
		{E6CB3790-F267-4AC7-892C-2620737682CA}.Release|x86.ActiveCfg = Release|x86
		{E6CB3790-F267-4AC7-892C-2620737682CA}.Release|x86.Build.0 = Release|x86
		{C52901BF-17A9-49E9-8360-4539C0BB06E6}.Debug|Any CPU.ActiveCfg = Debug|Any CPU
		{C52901BF-17A9-49E9-8360-4539C0BB06E6}.Debug|Any CPU.Build.0 = Debug|Any CPU
		{C52901BF-17A9-49E9-8360-4539C0BB06E6}.Debug|Mixed Platforms.ActiveCfg = Debug|x86
		{C52901BF-17A9-49E9-8360-4539C0BB06E6}.Debug|Mixed Platforms.Build.0 = Debug|x86
		{C52901BF-17A9-49E9-8360-4539C0BB06E6}.Debug|Win32.ActiveCfg = Debug|x86
		{C52901BF-17A9-49E9-8360-4539C0BB06E6}.Debug|Win32.Build.0 = Debug|x86
		{C52901BF-17A9-49E9-8360-4539C0BB06E6}.Debug|x64.ActiveCfg = Debug|Any CPU
		{C52901BF-17A9-49E9-8360-4539C0BB06E6}.Debug|x86.ActiveCfg = Debug|x86
		{C52901BF-17A9-49E9-8360-4539C0BB06E6}.Debug|x86.Build.0 = Debug|x86
		{C52901BF-17A9-49E9-8360-4539C0BB06E6}.Release|Any CPU.ActiveCfg = Release|Any CPU
		{C52901BF-17A9-49E9-8360-4539C0BB06E6}.Release|Any CPU.Build.0 = Release|Any CPU
		{C52901BF-17A9-49E9-8360-4539C0BB06E6}.Release|Mixed Platforms.ActiveCfg = Release|x86
		{C52901BF-17A9-49E9-8360-4539C0BB06E6}.Release|Mixed Platforms.Build.0 = Release|x86
		{C52901BF-17A9-49E9-8360-4539C0BB06E6}.Release|Win32.ActiveCfg = Release|x86
		{C52901BF-17A9-49E9-8360-4539C0BB06E6}.Release|Win32.Build.0 = Release|x86
		{C52901BF-17A9-49E9-8360-4539C0BB06E6}.Release|x64.ActiveCfg = Release|Any CPU
		{C52901BF-17A9-49E9-8360-4539C0BB06E6}.Release|x86.ActiveCfg = Release|x86
		{C52901BF-17A9-49E9-8360-4539C0BB06E6}.Release|x86.Build.0 = Release|x86
		{A4394E7B-1155-43A6-989E-8AB72DDDC9E4}.Debug|Any CPU.ActiveCfg = Debug|x86
		{A4394E7B-1155-43A6-989E-8AB72DDDC9E4}.Debug|Mixed Platforms.ActiveCfg = Debug|x86
		{A4394E7B-1155-43A6-989E-8AB72DDDC9E4}.Debug|Mixed Platforms.Build.0 = Debug|x86
		{A4394E7B-1155-43A6-989E-8AB72DDDC9E4}.Debug|Win32.ActiveCfg = Debug|x86
		{A4394E7B-1155-43A6-989E-8AB72DDDC9E4}.Debug|Win32.Build.0 = Debug|x86
		{A4394E7B-1155-43A6-989E-8AB72DDDC9E4}.Debug|x64.ActiveCfg = Debug|x64
		{A4394E7B-1155-43A6-989E-8AB72DDDC9E4}.Debug|x64.Build.0 = Debug|x64
		{A4394E7B-1155-43A6-989E-8AB72DDDC9E4}.Debug|x86.ActiveCfg = Debug|x86
		{A4394E7B-1155-43A6-989E-8AB72DDDC9E4}.Debug|x86.Build.0 = Debug|x86
		{A4394E7B-1155-43A6-989E-8AB72DDDC9E4}.Release|Any CPU.ActiveCfg = Release|x86
		{A4394E7B-1155-43A6-989E-8AB72DDDC9E4}.Release|Mixed Platforms.ActiveCfg = Release|x86
		{A4394E7B-1155-43A6-989E-8AB72DDDC9E4}.Release|Mixed Platforms.Build.0 = Release|x86
		{A4394E7B-1155-43A6-989E-8AB72DDDC9E4}.Release|Win32.ActiveCfg = Release|x86
		{A4394E7B-1155-43A6-989E-8AB72DDDC9E4}.Release|Win32.Build.0 = Release|x86
		{A4394E7B-1155-43A6-989E-8AB72DDDC9E4}.Release|x64.ActiveCfg = Release|x64
		{A4394E7B-1155-43A6-989E-8AB72DDDC9E4}.Release|x64.Build.0 = Release|x64
		{A4394E7B-1155-43A6-989E-8AB72DDDC9E4}.Release|x86.ActiveCfg = Release|x86
		{A4394E7B-1155-43A6-989E-8AB72DDDC9E4}.Release|x86.Build.0 = Release|x86
		{DACE8E9D-691B-440D-9ED4-57D7E7C58096}.Debug|Any CPU.ActiveCfg = Debug|x86
		{DACE8E9D-691B-440D-9ED4-57D7E7C58096}.Debug|Mixed Platforms.ActiveCfg = Debug|x86
		{DACE8E9D-691B-440D-9ED4-57D7E7C58096}.Debug|Mixed Platforms.Build.0 = Debug|x86
		{DACE8E9D-691B-440D-9ED4-57D7E7C58096}.Debug|Win32.ActiveCfg = Debug|x86
		{DACE8E9D-691B-440D-9ED4-57D7E7C58096}.Debug|Win32.Build.0 = Debug|x86
		{DACE8E9D-691B-440D-9ED4-57D7E7C58096}.Debug|x64.ActiveCfg = Debug|x86
		{DACE8E9D-691B-440D-9ED4-57D7E7C58096}.Debug|x86.ActiveCfg = Debug|x86
		{DACE8E9D-691B-440D-9ED4-57D7E7C58096}.Debug|x86.Build.0 = Debug|x86
		{DACE8E9D-691B-440D-9ED4-57D7E7C58096}.Release|Any CPU.ActiveCfg = Release|x86
		{DACE8E9D-691B-440D-9ED4-57D7E7C58096}.Release|Mixed Platforms.ActiveCfg = Release|x86
		{DACE8E9D-691B-440D-9ED4-57D7E7C58096}.Release|Mixed Platforms.Build.0 = Release|x86
		{DACE8E9D-691B-440D-9ED4-57D7E7C58096}.Release|Win32.ActiveCfg = Release|x86
		{DACE8E9D-691B-440D-9ED4-57D7E7C58096}.Release|Win32.Build.0 = Release|x86
		{DACE8E9D-691B-440D-9ED4-57D7E7C58096}.Release|x64.ActiveCfg = Release|x86
		{DACE8E9D-691B-440D-9ED4-57D7E7C58096}.Release|x86.ActiveCfg = Release|x86
		{DACE8E9D-691B-440D-9ED4-57D7E7C58096}.Release|x86.Build.0 = Release|x86
	EndGlobalSection
	GlobalSection(SolutionProperties) = preSolution
		HideSolutionNode = FALSE
	EndGlobalSection
	GlobalSection(NestedProjects) = preSolution
		{4F6FB031-0116-402C-938B-A0C6F45252D4} = {EAC33F88-5F1A-4E3C-A48A-D6F671D9767C}
		{519F7AD2-AE87-4D5C-AAA1-7F69635581B8} = {35B11931-979B-46E6-B5DA-A75D757BA3FF}
		{0C2AEC49-E6A2-4615-83A5-1F10BC47769B} = {35B11931-979B-46E6-B5DA-A75D757BA3FF}
		{8E4A9A53-5BDD-4F16-A55E-6E74C299FE04} = {35B11931-979B-46E6-B5DA-A75D757BA3FF}
		{EC41ED64-6769-4FE8-ACD8-6255BCA3491C} = {35B11931-979B-46E6-B5DA-A75D757BA3FF}
		{4182584B-3233-4B2D-8697-7F385AEFA1DE} = {35B11931-979B-46E6-B5DA-A75D757BA3FF}
		{F602B278-3226-4EF8-AA02-CB2962158914} = {35B11931-979B-46E6-B5DA-A75D757BA3FF}
		{7B495581-2271-4F41-9476-ACB86E8C864F} = {708902AF-998C-41FA-967D-74C29500C629}
		{6C4BB501-2F8E-48AC-9AB5-8CFB2D74185C} = {708902AF-998C-41FA-967D-74C29500C629}
		{A55848CC-10E7-40CB-ADDB-04740B16DD43} = {708902AF-998C-41FA-967D-74C29500C629}
		{23EE5140-2C2C-4B53-A954-10B08DCA6BD6} = {708902AF-998C-41FA-967D-74C29500C629}
		{E6CB3790-F267-4AC7-892C-2620737682CA} = {708902AF-998C-41FA-967D-74C29500C629}
		{C52901BF-17A9-49E9-8360-4539C0BB06E6} = {708902AF-998C-41FA-967D-74C29500C629}
		{A4394E7B-1155-43A6-989E-8AB72DDDC9E4} = {708902AF-998C-41FA-967D-74C29500C629}
		{DACE8E9D-691B-440D-9ED4-57D7E7C58096} = {3574DC66-D5A9-42A7-9F22-6B7CCF25E488}
	EndGlobalSection
EndGlobal
